
Microsoft Visual Studio Solution File, Format Version 12.00
# Visual Studio Version 17
VisualStudioVersion = 17.9.34622.214
MinimumVisualStudioVersion = 10.0.40219.1
Project("{FAE04EC0-301F-11D3-BF4B-00C04F79EFBC}") = "LogixTek.WebApi", "LogixTek.WebApi\LogixTek.WebApi.csproj", "{824730E4-ACA0-430E-B7FC-DBD445C50EFD}"
EndProject
Global
	GlobalSection(SolutionConfigurationPlatforms) = preSolution
		Debug|Any CPU = Debug|Any CPU
		Release|Any CPU = Release|Any CPU
	EndGlobalSection
	GlobalSection(ProjectConfigurationPlatforms) = postSolution
		{824730E4-ACA0-430E-B7FC-DBD445C50EFD}.Debug|Any CPU.ActiveCfg = Debug|Any CPU
		{824730E4-ACA0-430E-B7FC-DBD445C50EFD}.Debug|Any CPU.Build.0 = Debug|Any CPU
		{824730E4-ACA0-430E-B7FC-DBD445C50EFD}.Release|Any CPU.ActiveCfg = Release|Any CPU
		{824730E4-ACA0-430E-B7FC-DBD445C50EFD}.Release|Any CPU.Build.0 = Release|Any CPU
	EndGlobalSection
	GlobalSection(SolutionProperties) = preSolution
		HideSolutionNode = FALSE
	EndGlobalSection
	GlobalSection(ExtensibilityGlobals) = postSolution
		SolutionGuid = {8A0CE4B3-BE47-4B56-827C-C6AE11FC0BB4}
	EndGlobalSection
EndGlobal
